
Microsoft Visual Studio Solution File, Format Version 12.00
Project("{FAE04EC0-301F-11D3-BF4B-00C04F79EFBC}") = "PaymentProvider.Domain", "src\PaymentProviderPrototype.Domain\PaymentProvider.Domain\PaymentProvider.Domain.csproj", "{F5D1225B-FE20-4EB2-B1C5-7CB247CBD277}"
EndProject
Project("{FAE04EC0-301F-11D3-BF4B-00C04F79EFBC}") = "PaymentProvider.Common", "src\PaymentProviderPrototype.Common\PaymentProvider.Common\PaymentProvider.Common.csproj", "{6402CA55-B1D5-4E07-BDDC-B31CE56D600B}"
EndProject
Project("{FAE04EC0-301F-11D3-BF4B-00C04F79EFBC}") = "PaymentProvider.Application", "src\PaymentProviderPrototype.Application\PaymentProvider.Application\PaymentProvider.Application.csproj", "{F5F87520-232C-4D36-9613-E2AC703895A0}"
EndProject
Project("{FAE04EC0-301F-11D3-BF4B-00C04F79EFBC}") = "PaymentProvider.Infrastructure", "src\PaymentProviderPrototype.Infrastructure\PaymentProvider.Infrastructure\PaymentProvider.Infrastructure.csproj", "{4ACF2AAB-E6B2-4826-9905-DD1BE7887947}"
EndProject
Project("{FAE04EC0-301F-11D3-BF4B-00C04F79EFBC}") = "PaymentProvider.WebApi", "src\PaymentProviderPrototype.Presentation\PaymentProvider.WebApi\PaymentProvider.WebApi.csproj", "{776DB8EF-5D5A-416E-A3FB-8E6B022419AF}"
EndProject
Project("{FAE04EC0-301F-11D3-BF4B-00C04F79EFBC}") = "PaymentProvider.Tests", "tests\PaymentProvider.Tests\PaymentProvider.Tests.csproj", "{C06ADFE3-679B-40E8-B562-4D8F4843F83D}"
EndProject
Global
	GlobalSection(SolutionConfigurationPlatforms) = preSolution
		Debug|Any CPU = Debug|Any CPU
		Release|Any CPU = Release|Any CPU
	EndGlobalSection
	GlobalSection(ProjectConfigurationPlatforms) = postSolution
		{F5D1225B-FE20-4EB2-B1C5-7CB247CBD277}.Debug|Any CPU.ActiveCfg = Debug|Any CPU
		{F5D1225B-FE20-4EB2-B1C5-7CB247CBD277}.Debug|Any CPU.Build.0 = Debug|Any CPU
		{F5D1225B-FE20-4EB2-B1C5-7CB247CBD277}.Release|Any CPU.ActiveCfg = Release|Any CPU
		{F5D1225B-FE20-4EB2-B1C5-7CB247CBD277}.Release|Any CPU.Build.0 = Release|Any CPU
		{6402CA55-B1D5-4E07-BDDC-B31CE56D600B}.Debug|Any CPU.ActiveCfg = Debug|Any CPU
		{6402CA55-B1D5-4E07-BDDC-B31CE56D600B}.Debug|Any CPU.Build.0 = Debug|Any CPU
		{6402CA55-B1D5-4E07-BDDC-B31CE56D600B}.Release|Any CPU.ActiveCfg = Release|Any CPU
		{6402CA55-B1D5-4E07-BDDC-B31CE56D600B}.Release|Any CPU.Build.0 = Release|Any CPU
		{F5F87520-232C-4D36-9613-E2AC703895A0}.Debug|Any CPU.ActiveCfg = Debug|Any CPU
		{F5F87520-232C-4D36-9613-E2AC703895A0}.Debug|Any CPU.Build.0 = Debug|Any CPU
		{F5F87520-232C-4D36-9613-E2AC703895A0}.Release|Any CPU.ActiveCfg = Release|Any CPU
		{F5F87520-232C-4D36-9613-E2AC703895A0}.Release|Any CPU.Build.0 = Release|Any CPU
		{4ACF2AAB-E6B2-4826-9905-DD1BE7887947}.Debug|Any CPU.ActiveCfg = Debug|Any CPU
		{4ACF2AAB-E6B2-4826-9905-DD1BE7887947}.Debug|Any CPU.Build.0 = Debug|Any CPU
		{4ACF2AAB-E6B2-4826-9905-DD1BE7887947}.Release|Any CPU.ActiveCfg = Release|Any CPU
		{4ACF2AAB-E6B2-4826-9905-DD1BE7887947}.Release|Any CPU.Build.0 = Release|Any CPU
		{776DB8EF-5D5A-416E-A3FB-8E6B022419AF}.Debug|Any CPU.ActiveCfg = Debug|Any CPU
		{776DB8EF-5D5A-416E-A3FB-8E6B022419AF}.Debug|Any CPU.Build.0 = Debug|Any CPU
		{776DB8EF-5D5A-416E-A3FB-8E6B022419AF}.Release|Any CPU.ActiveCfg = Release|Any CPU
		{776DB8EF-5D5A-416E-A3FB-8E6B022419AF}.Release|Any CPU.Build.0 = Release|Any CPU
		{C06ADFE3-679B-40E8-B562-4D8F4843F83D}.Debug|Any CPU.ActiveCfg = Debug|Any CPU
		{C06ADFE3-679B-40E8-B562-4D8F4843F83D}.Debug|Any CPU.Build.0 = Debug|Any CPU
		{C06ADFE3-679B-40E8-B562-4D8F4843F83D}.Release|Any CPU.ActiveCfg = Release|Any CPU
		{C06ADFE3-679B-40E8-B562-4D8F4843F83D}.Release|Any CPU.Build.0 = Release|Any CPU
	EndGlobalSection
EndGlobal
